{
  "requires": true,
  "lockfileVersion": 1,
  "dependencies": {
    "astronomy-bundle": {
      "version": "7.5.3",
      "resolved": "https://registry.npmjs.org/astronomy-bundle/-/astronomy-bundle-7.5.3.tgz",
      "integrity": "sha512-+eKh7D9ulqOOaIV8NX7jmFR9Nbxfi1T15w8DUjPli27PH5DQTvSlaskfOSRCaLpJPuOGghIYNGGDNA1lFRRV6A=="
    },
    "google-maps-react": {
      "version": "2.0.6",
      "resolved": "https://registry.npmjs.org/google-maps-react/-/google-maps-react-2.0.6.tgz",
      "integrity": "sha512-M8Eo9WndfQEfxcmm6yRq03qdJgw1x6rQmJ9DN+a+xPQ3K7yNDGkVDbinrf4/8vcox7nELbeopbm4bpefKewWfQ=="
    }
  }
}
